// !$*UTF8*$!
{
	archiveVersion = 1;
	classes = {
	};
	objectVersion = 46;
	objects = {

/* Begin PBXBuildFile section */
		6AE083B71ADDA2900083A8CD /* AppDelegate.swift in Sources */ = {isa = PBXBuildFile; fileRef = 6AE083B61ADDA2900083A8CD /* AppDelegate.swift */; };
		6AE083B91ADDA2900083A8CD /* ViewController.swift in Sources */ = {isa = PBXBuildFile; fileRef = 6AE083B81ADDA2900083A8CD /* ViewController.swift */; };
		6AE083BC1ADDA2900083A8CD /* Main.storyboard in Resources */ = {isa = PBXBuildFile; fileRef = 6AE083BA1ADDA2900083A8CD /* Main.storyboard */; };
		6AE083BE1ADDA2900083A8CD /* Images.xcassets in Resources */ = {isa = PBXBuildFile; fileRef = 6AE083BD1ADDA2900083A8CD /* Images.xcassets */; };
		6AE083C11ADDA2900083A8CD /* LaunchScreen.xib in Resources */ = {isa = PBXBuildFile; fileRef = 6AE083BF1ADDA2900083A8CD /* LaunchScreen.xib */; };
		6AE083CD1ADDA2900083A8CD /* WWDCPatriciaAbreuTests.swift in Sources */ = {isa = PBXBuildFile; fileRef = 6AE083CC1ADDA2900083A8CD /* WWDCPatriciaAbreuTests.swift */; };
/* End PBXBuildFile section */

/* Begin PBXContainerItemProxy section */
		6AE083C71ADDA2900083A8CD /* PBXContainerItemProxy */ = {
			isa = PBXContainerItemProxy;
			containerPortal = 6AE083A91ADDA2900083A8CD /* Project object */;
			proxyType = 1;
			remoteGlobalIDString = 6AE083B01ADDA2900083A8CD;
			remoteInfo = WWDCPatriciaAbreu;
		};
/* End PBXContainerItemProxy section */

/* Begin PBXFileReference section */
		6AE083B11ADDA2900083A8CD /* WWDCPatriciaAbreu.app */ = {isa = PBXFileReference; explicitFileType = wrapper.application; includeInIndex = 0; path = WWDCPatriciaAbreu.app; sourceTree = BUILT_PRODUCTS_DIR; };
		6AE083B51ADDA2900083A8CD /* Info.plist */ = {isa = PBXFileReference; lastKnownFileType = text.plist.xml; path = Info.plist; sourceTree = "<group>"; };
		6AE083B61ADDA2900083A8CD /* AppDelegate.swift */ = {isa = PBXFileReference; lastKnownFileType = sourcecode.swift; path = AppDelegate.swift; sourceTree = "<group>"; };
		6AE083B81ADDA2900083A8CD /* ViewController.swift */ = {isa = PBXFileReference; lastKnownFileType = sourcecode.swift; path = ViewController.swift; sourceTree = "<group>"; };
		6AE083BB1ADDA2900083A8CD /* Base */ = {isa = PBXFileReference; lastKnownFileType = file.storyboard; name = Base; path = Base.lproj/Main.storyboard; sourceTree = "<group>"; };
		6AE083BD1ADDA2900083A8CD /* Images.xcassets */ = {isa = PBXFileReference; lastKnownFileType = folder.assetcatalog; path = Images.xcassets; sourceTree = "<group>"; };
		6AE083C01ADDA2900083A8CD /* Base */ = {isa = PBXFileReference; lastKnownFileType = file.xib; name = Base; path = Base.lproj/LaunchScreen.xib; sourceTree = "<group>"; };
		6AE083C61ADDA2900083A8CD /* WWDCPatriciaAbreuTests.xctest */ = {isa = PBXFileReference; explicitFileType = wrapper.cfbundle; includeInIndex = 0; path = WWDCPatriciaAbreuTests.xctest; sourceTree = BUILT_PRODUCTS_DIR; };
		6AE083CB1ADDA2900083A8CD /* Info.plist */ = {isa = PBXFileReference; lastKnownFileType = text.plist.xml; path = Info.plist; sourceTree = "<group>"; };
		6AE083CC1ADDA2900083A8CD /* WWDCPatriciaAbreuTests.swift */ = {isa = PBXFileReference; lastKnownFileType = sourcecode.swift; path = WWDCPatriciaAbreuTests.swift; sourceTree = "<group>"; };
/* End PBXFileReference section */

/* Begin PBXFrameworksBuildPhase section */
		6AE083AE1ADDA2900083A8CD /* Frameworks */ = {
			isa = PBXFrameworksBuildPhase;
			buildActionMask = 2147483647;
			files = (
			);
			runOnlyForDeploymentPostprocessing = 0;
		};
		6AE083C31ADDA2900083A8CD /* Frameworks */ = {
			isa = PBXFrameworksBuildPhase;
			buildActionMask = 2147483647;
			files = (
			);
			runOnlyForDeploymentPostprocessing = 0;
		};
/* End PBXFrameworksBuildPhase section */

/* Begin PBXGroup section */
		6AE083A81ADDA2900083A8CD = {
			isa = PBXGroup;
			children = (
				6AE083B31ADDA2900083A8CD /* WWDCPatriciaAbreu */,
				6AE083C91ADDA2900083A8CD /* WWDCPatriciaAbreuTests */,
				6AE083B21ADDA2900083A8CD /* Products */,
			);
			sourceTree = "<group>";
		};
		6AE083B21ADDA2900083A8CD /* Products */ = {
			isa = PBXGroup;
			children = (
				6AE083B11ADDA2900083A8CD /* WWDCPatriciaAbreu.app */,
				6AE083C61ADDA2900083A8CD /* WWDCPatriciaAbreuTests.xctest */,
			);
			name = Products;
			sourceTree = "<group>";
		};
		6AE083B31ADDA2900083A8CD /* WWDCPatriciaAbreu */ = {
			isa = PBXGroup;
			children = (
				6AE083B61ADDA2900083A8CD /* AppDelegate.swift */,
				6AE083B81ADDA2900083A8CD /* ViewController.swift */,
				6AE083BA1ADDA2900083A8CD /* Main.storyboard */,
				6AE083BD1ADDA2900083A8CD /* Images.xcassets */,
				6AE083BF1ADDA2900083A8CD /* LaunchScreen.xib */,
				6AE083B41ADDA2900083A8CD /* Supporting Files */,
			);
			path = WWDCPatriciaAbreu;
			sourceTree = "<group>";
		};
		6AE083B41ADDA2900083A8CD /* Supporting Files */ = {
			isa = PBXGroup;
			children = (
				6AE083B51ADDA2900083A8CD /* Info.plist */,
			);
			name = "Supporting Files";
			sourceTree = "<group>";
		};
		6AE083C91ADDA2900083A8CD /* WWDCPatriciaAbreuTests */ = {
			isa = PBXGroup;
			children = (
				6AE083CC1ADDA2900083A8CD /* WWDCPatriciaAbreuTests.swift */,
				6AE083CA1ADDA2900083A8CD /* Supporting Files */,
			);
			path = WWDCPatriciaAbreuTests;
			sourceTree = "<group>";
		};
		6AE083CA1ADDA2900083A8CD /* Supporting Files */ = {
			isa = PBXGroup;
			children = (
				6AE083CB1ADDA2900083A8CD /* Info.plist */,
			);
			name = "Supporting Files";
			sourceTree = "<group>";
		};
/* End PBXGroup section */

/* Begin PBXNativeTarget section */
		6AE083B01ADDA2900083A8CD /* WWDCPatriciaAbreu */ = {
			isa = PBXNativeTarget;
			buildConfigurationList = 6AE083D01ADDA2900083A8CD /* Build configuration list for PBXNativeTarget "WWDCPatriciaAbreu" */;
			buildPhases = (
				6AE083AD1ADDA2900083A8CD /* Sources */,
				6AE083AE1ADDA2900083A8CD /* Frameworks */,
				6AE083AF1ADDA2900083A8CD /* Resources */,
			);
			buildRules = (
			);
			dependencies = (
			);
			name = WWDCPatriciaAbreu;
			productName = WWDCPatriciaAbreu;
			productReference = 6AE083B11ADDA2900083A8CD /* WWDCPatriciaAbreu.app */;
			productType = "com.apple.product-type.application";
		};
		6AE083C51ADDA2900083A8CD /* WWDCPatriciaAbreuTests */ = {
			isa = PBXNativeTarget;
			buildConfigurationList = 6AE083D31ADDA2900083A8CD /* Build configuration list for PBXNativeTarget "WWDCPatriciaAbreuTests" */;
			buildPhases = (
				6AE083C21ADDA2900083A8CD /* Sources */,
				6AE083C31ADDA2900083A8CD /* Frameworks */,
				6AE083C41ADDA2900083A8CD /* Resources */,
			);
			buildRules = (
			);
			dependencies = (
				6AE083C81ADDA2900083A8CD /* PBXTargetDependency */,
			);
			name = WWDCPatriciaAbreuTests;
			productName = WWDCPatriciaAbreuTests;
			productReference = 6AE083C61ADDA2900083A8CD /* WWDCPatriciaAbreuTests.xctest */;
			productType = "com.apple.product-type.bundle.unit-test";
		};
/* End PBXNativeTarget section */

/* Begin PBXProject section */
		6AE083A91ADDA2900083A8CD /* Project object */ = {
			isa = PBXProject;
			attributes = {
				LastUpgradeCheck = 0630;
				ORGANIZATIONNAME = "Patricia de Abreu";
				TargetAttributes = {
					6AE083B01ADDA2900083A8CD = {
						CreatedOnToolsVersion = 6.3;
					};
					6AE083C51ADDA2900083A8CD = {
						CreatedOnToolsVersion = 6.3;
						TestTargetID = 6AE083B01ADDA2900083A8CD;
					};
				};
			};
			buildConfigurationList = 6AE083AC1ADDA2900083A8CD /* Build configuration list for PBXProject "WWDCPatriciaAbreu" */;
			compatibilityVersion = "Xcode 3.2";
			developmentRegion = English;
			hasScannedForEncodings = 0;
			knownRegions = (
				en,
				Base,
			);
			mainGroup = 6AE083A81ADDA2900083A8CD;
			productRefGroup = 6AE083B21ADDA2900083A8CD /* Products */;
			projectDirPath = "";
			projectRoot = "";
			targets = (
				6AE083B01ADDA2900083A8CD /* WWDCPatriciaAbreu */,
				6AE083C51ADDA2900083A8CD /* WWDCPatriciaAbreuTests */,
			);
		};
/* End PBXProject section */

/* Begin PBXResourcesBuildPhase section */
		6AE083AF1ADDA2900083A8CD /* Resources */ = {
			isa = PBXResourcesBuildPhase;
			buildActionMask = 2147483647;
			files = (
				6AE083BC1ADDA2900083A8CD /* Main.storyboard in Resources */,
				6AE083C11ADDA2900083A8CD /* LaunchScreen.xib in Resources */,
				6AE083BE1ADDA2900083A8CD /* Images.xcassets in Resources */,
			);
			runOnlyForDeploymentPostprocessing = 0;
		};
		6AE083C41ADDA2900083A8CD /* Resources */ = {
			isa = PBXResourcesBuildPhase;
			buildActionMask = 2147483647;
			files = (
			);
			runOnlyForDeploymentPostprocessing = 0;
		};
/* End PBXResourcesBuildPhase section */

/* Begin PBXSourcesBuildPhase section */
		6AE083AD1ADDA2900083A8CD /* Sources */ = {
			isa = PBXSourcesBuildPhase;
			buildActionMask = 2147483647;
			files = (
				6AE083B91ADDA2900083A8CD /* ViewController.swift in Sources */,
				6AE083B71ADDA2900083A8CD /* AppDelegate.swift in Sources */,
			);
			runOnlyForDeploymentPostprocessing = 0;
		};
		6AE083C21ADDA2900083A8CD /* Sources */ = {
			isa = PBXSourcesBuildPhase;
			buildActionMask = 2147483647;
			files = (
				6AE083CD1ADDA2900083A8CD /* WWDCPatriciaAbreuTests.swift in Sources */,
			);
			runOnlyForDeploymentPostprocessing = 0;
		};
/* End PBXSourcesBuildPhase section */

/* Begin PBXTargetDependency section */
		6AE083C81ADDA2900083A8CD /* PBXTargetDependency */ = {
			isa = PBXTargetDependency;
			target = 6AE083B01ADDA2900083A8CD /* WWDCPatriciaAbreu */;
			targetProxy = 6AE083C71ADDA2900083A8CD /* PBXContainerItemProxy */;
		};
/* End PBXTargetDependency section */

/* Begin PBXVariantGroup section */
		6AE083BA1ADDA2900083A8CD /* Main.storyboard */ = {
			isa = PBXVariantGroup;
			children = (
				6AE083BB1ADDA2900083A8CD /* Base */,
			);
			name = Main.storyboard;
			sourceTree = "<group>";
		};
		6AE083BF1ADDA2900083A8CD /* LaunchScreen.xib */ = {
			isa = PBXVariantGroup;
			children = (
				6AE083C01ADDA2900083A8CD /* Base */,
			);
			name = LaunchScreen.xib;
			sourceTree = "<group>";
		};
/* End PBXVariantGroup section */

/* Begin XCBuildConfiguration section */
		6AE083CE1ADDA2900083A8CD /* Debug */ = {
			isa = XCBuildConfiguration;
			buildSettings = {
				ALWAYS_SEARCH_USER_PATHS = NO;
				CLANG_CXX_LANGUAGE_STANDARD = "gnu++0x";
				CLANG_CXX_LIBRARY = "libc++";
				CLANG_ENABLE_MODULES = YES;
				CLANG_ENABLE_OBJC_ARC = YES;
				CLANG_WARN_BOOL_CONVERSION = YES;
				CLANG_WARN_CONSTANT_CONVERSION = YES;
				CLANG_WARN_DIRECT_OBJC_ISA_USAGE = YES_ERROR;
				CLANG_WARN_EMPTY_BODY = YES;
				CLANG_WARN_ENUM_CONVERSION = YES;
				CLANG_WARN_INT_CONVERSION = YES;
				CLANG_WARN_OBJC_ROOT_CLASS = YES_ERROR;
				CLANG_WARN_UNREACHABLE_CODE = YES;
				CLANG_WARN__DUPLICATE_METHOD_MATCH = YES;
				"CODE_SIGN_IDENTITY[sdk=iphoneos*]" = "iPhone Developer";
				COPY_PHASE_STRIP = NO;
				DEBUG_INFORMATION_FORMAT = "dwarf-with-dsym";
				ENABLE_STRICT_OBJC_MSGSEND = YES;
				GCC_C_LANGUAGE_STANDARD = gnu99;
				GCC_DYNAMIC_NO_PIC = NO;
				GCC_NO_COMMON_BLOCKS = YES;
				GCC_OPTIMIZATION_LEVEL = 0;
				GCC_PREPROCESSOR_DEFINITIONS = (
					"DEBUG=1",
					"$(inherited)",
				);
				GCC_SYMBOLS_PRIVATE_EXTERN = NO;
				GCC_WARN_64_TO_32_BIT_CONVERSION = YES;
				GCC_WARN_ABOUT_RETURN_TYPE = YES_ERROR;
				GCC_WARN_UNDECLARED_SELECTOR = YES;
				GCC_WARN_UNINITIALIZED_AUTOS = YES_AGGRESSIVE;
				GCC_WARN_UNUSED_FUNCTION = YES;
				GCC_WARN_UNUSED_VARIABLE = YES;
				IPHONEOS_DEPLOYMENT_TARGET = 8.3;
				MTL_ENABLE_DEBUG_INFO = YES;
				ONLY_ACTIVE_ARCH = YES;
				SDKROOT = iphoneos;
				SWIFT_OPTIMIZATION_LEVEL = "-Onone";
			};
			name = Debug;
		};
		6AE083CF1ADDA2900083A8CD /* Release */ = {
			isa = XCBuildConfiguration;
			buildSettings = {
				ALWAYS_SEARCH_USER_PATHS = NO;
				CLANG_CXX_LANGUAGE_STANDARD = "gnu++0x";
				CLANG_CXX_LIBRARY = "libc++";
				CLANG_ENABLE_MODULES = YES;
				CLANG_ENABLE_OBJC_ARC = YES;
				CLANG_WARN_BOOL_CONVERSION = YES;
				CLANG_WARN_CONSTANT_CONVERSION = YES;
				CLANG_WARN_DIRECT_OBJC_ISA_USAGE = YES_ERROR;
				CLANG_WARN_EMPTY_BODY = YES;
				CLANG_WARN_ENUM_CONVERSION = YES;
				CLANG_WARN_INT_CONVERSION = YES;
				CLANG_WARN_OBJC_ROOT_CLASS = YES_ERROR;
				CLANG_WARN_UNREACHABLE_CODE = YES;
				CLANG_WARN__DUPLICATE_METHOD_MATCH = YES;
				"CODE_SIGN_IDENTITY[sdk=iphoneos*]" = "iPhone Developer";
				COPY_PHASE_STRIP = NO;
				DEBUG_INFORMATION_FORMAT = "dwarf-with-dsym";
				ENABLE_NS_ASSERTIONS = NO;
				ENABLE_STRICT_OBJC_MSGSEND = YES;
				GCC_C_LANGUAGE_STANDARD = gnu99;
				GCC_NO_COMMON_BLOCKS = YES;
				GCC_WARN_64_TO_32_BIT_CONVERSION = YES;
				GCC_WARN_ABOUT_RETURN_TYPE = YES_ERROR;
				GCC_WARN_UNDECLARED_SELECTOR = YES;
				GCC_WARN_UNINITIALIZED_AUTOS = YES_AGGRESSIVE;
				GCC_WARN_UNUSED_FUNCTION = YES;
				GCC_WARN_UNUSED_VARIABLE = YES;
				IPHONEOS_DEPLOYMENT_TARGET = 8.3;
				MTL_ENABLE_DEBUG_INFO = NO;
				SDKROOT = iphoneos;
				VALIDATE_PRODUCT = YES;
			};
			name = Release;
		};
		6AE083D11ADDA2900083A8CD /* Debug */ = {
			isa = XCBuildConfiguration;
			buildSettings = {
				ASSETCATALOG_COMPILER_APPICON_NAME = AppIcon;
				INFOPLIST_FILE = WWDCPatriciaAbreu/Info.plist;
				LD_RUNPATH_SEARCH_PATHS = "$(inherited) @executable_path/Frameworks";
				PRODUCT_NAME = "$(TARGET_NAME)";
			};
			name = Debug;
		};
		6AE083D21ADDA2900083A8CD /* Release */ = {
			isa = XCBuildConfiguration;
			buildSettings = {
				ASSETCATALOG_COMPILER_APPICON_NAME = AppIcon;
				INFOPLIST_FILE = WWDCPatriciaAbreu/Info.plist;
				LD_RUNPATH_SEARCH_PATHS = "$(inherited) @executable_path/Frameworks";
				PRODUCT_NAME = "$(TARGET_NAME)";
			};
			name = Release;
		};
		6AE083D41ADDA2900083A8CD /* Debug */ = {
			isa = XCBuildConfiguration;
			buildSettings = {
				BUNDLE_LOADER = "$(TEST_HOST)";
				FRAMEWORK_SEARCH_PATHS = (
					"$(SDKROOT)/Developer/Library/Frameworks",
					"$(inherited)",
				);
				GCC_PREPROCESSOR_DEFINITIONS = (
					"DEBUG=1",
					"$(inherited)",
				);
				INFOPLIST_FILE = WWDCPatriciaAbreuTests/Info.plist;
				LD_RUNPATH_SEARCH_PATHS = "$(inherited) @executable_path/Frameworks @loader_path/Frameworks";
				PRODUCT_NAME = "$(TARGET_NAME)";
				TEST_HOST = "$(BUILT_PRODUCTS_DIR)/WWDCPatriciaAbreu.app/WWDCPatriciaAbreu";
			};
			name = Debug;
		};
		6AE083D51ADDA2900083A8CD /* Release */ = {
			isa = XCBuildConfiguration;
			buildSettings = {
				BUNDLE_LOADER = "$(TEST_HOST)";
				FRAMEWORK_SEARCH_PATHS = (
					"$(SDKROOT)/Developer/Library/Frameworks",
					"$(inherited)",
				);
				INFOPLIST_FILE = WWDCPatriciaAbreuTests/Info.plist;
				LD_RUNPATH_SEARCH_PATHS = "$(inherited) @executable_path/Frameworks @loader_path/Frameworks";
				PRODUCT_NAME = "$(TARGET_NAME)";
				TEST_HOST = "$(BUILT_PRODUCTS_DIR)/WWDCPatriciaAbreu.app/WWDCPatriciaAbreu";
			};
			name = Release;
		};
/* End XCBuildConfiguration section */

/* Begin XCConfigurationList section */
		6AE083AC1ADDA2900083A8CD /* Build configuration list for PBXProject "WWDCPatriciaAbreu" */ = {
			isa = XCConfigurationList;
			buildConfigurations = (
				6AE083CE1ADDA2900083A8CD /* Debug */,
				6AE083CF1ADDA2900083A8CD /* Release */,
			);
			defaultConfigurationIsVisible = 0;
			defaultConfigurationName = Release;
		};
		6AE083D01ADDA2900083A8CD /* Build configuration list for PBXNativeTarget "WWDCPatriciaAbreu" */ = {
			isa = XCConfigurationList;
			buildConfigurations = (
				6AE083D11ADDA2900083A8CD /* Debug */,
				6AE083D21ADDA2900083A8CD /* Release */,
			);
			defaultConfigurationIsVisible = 0;
		};
		6AE083D31ADDA2900083A8CD /* Build configuration list for PBXNativeTarget "WWDCPatriciaAbreuTests" */ = {
			isa = XCConfigurationList;
			buildConfigurations = (
				6AE083D41ADDA2900083A8CD /* Debug */,
				6AE083D51ADDA2900083A8CD /* Release */,
			);
			defaultConfigurationIsVisible = 0;
		};
/* End XCConfigurationList section */
	};
	rootObject = 6AE083A91ADDA2900083A8CD /* Project object */;
}
